
Microsoft Visual Studio Solution File, Format Version 12.00
# Visual Studio 15
VisualStudioVersion = 15.0.27703.2042
MinimumVisualStudioVersion = 10.0.40219.1
Project("{FAE04EC0-301F-11D3-BF4B-00C04F79EFBC}") = "ClassTask", "ClassTask\ClassTask.csproj", "{96B7A869-80D4-4344-B8A5-FE869F7BDBB4}"
EndProject
Global
	GlobalSection(SolutionConfigurationPlatforms) = preSolution
		Debug|Any CPU = Debug|Any CPU
		Release|Any CPU = Release|Any CPU
	EndGlobalSection
	GlobalSection(ProjectConfigurationPlatforms) = postSolution
		{96B7A869-80D4-4344-B8A5-FE869F7BDBB4}.Debug|Any CPU.ActiveCfg = Debug|Any CPU
		{96B7A869-80D4-4344-B8A5-FE869F7BDBB4}.Debug|Any CPU.Build.0 = Debug|Any CPU
		{96B7A869-80D4-4344-B8A5-FE869F7BDBB4}.Release|Any CPU.ActiveCfg = Release|Any CPU
		{96B7A869-80D4-4344-B8A5-FE869F7BDBB4}.Release|Any CPU.Build.0 = Release|Any CPU
	EndGlobalSection
	GlobalSection(SolutionProperties) = preSolution
		HideSolutionNode = FALSE
	EndGlobalSection
	GlobalSection(ExtensibilityGlobals) = postSolution
		SolutionGuid = {2A01BD63-8EAA-4E7A-8B0D-044563ACA840}
	EndGlobalSection
EndGlobal
