
Microsoft Visual Studio Solution File, Format Version 12.00
# Visual Studio 15
VisualStudioVersion = 15.0.27703.2042
MinimumVisualStudioVersion = 10.0.40219.1
Project("{FAE04EC0-301F-11D3-BF4B-00C04F79EFBC}") = "Task_Library", "Task_Library\Task_Library.csproj", "{4EFBE1D9-1C76-4C58-8637-8D939B114CC6}"
EndProject
Global
	GlobalSection(SolutionConfigurationPlatforms) = preSolution
		Debug|Any CPU = Debug|Any CPU
		Release|Any CPU = Release|Any CPU
	EndGlobalSection
	GlobalSection(ProjectConfigurationPlatforms) = postSolution
		{4EFBE1D9-1C76-4C58-8637-8D939B114CC6}.Debug|Any CPU.ActiveCfg = Debug|Any CPU
		{4EFBE1D9-1C76-4C58-8637-8D939B114CC6}.Debug|Any CPU.Build.0 = Debug|Any CPU
		{4EFBE1D9-1C76-4C58-8637-8D939B114CC6}.Release|Any CPU.ActiveCfg = Release|Any CPU
		{4EFBE1D9-1C76-4C58-8637-8D939B114CC6}.Release|Any CPU.Build.0 = Release|Any CPU
	EndGlobalSection
	GlobalSection(SolutionProperties) = preSolution
		HideSolutionNode = FALSE
	EndGlobalSection
	GlobalSection(ExtensibilityGlobals) = postSolution
		SolutionGuid = {C8FB2ADC-FDF1-46B0-A065-2B27FD11FF66}
	EndGlobalSection
EndGlobal
