
Microsoft Visual Studio Solution File, Format Version 12.00
# Visual Studio 15
VisualStudioVersion = 15.0.26730.16
MinimumVisualStudioVersion = 10.0.40219.1
Project("{FAE04EC0-301F-11D3-BF4B-00C04F79EFBC}") = "Classes", "Classes\Classes.csproj", "{EEB5D606-16B0-4F64-AF8A-50440D87EEAC}"
EndProject
Global
	GlobalSection(SolutionConfigurationPlatforms) = preSolution
		Debug|Any CPU = Debug|Any CPU
		Release|Any CPU = Release|Any CPU
	EndGlobalSection
	GlobalSection(ProjectConfigurationPlatforms) = postSolution
		{EEB5D606-16B0-4F64-AF8A-50440D87EEAC}.Debug|Any CPU.ActiveCfg = Debug|Any CPU
		{EEB5D606-16B0-4F64-AF8A-50440D87EEAC}.Debug|Any CPU.Build.0 = Debug|Any CPU
		{EEB5D606-16B0-4F64-AF8A-50440D87EEAC}.Release|Any CPU.ActiveCfg = Release|Any CPU
		{EEB5D606-16B0-4F64-AF8A-50440D87EEAC}.Release|Any CPU.Build.0 = Release|Any CPU
	EndGlobalSection
	GlobalSection(SolutionProperties) = preSolution
		HideSolutionNode = FALSE
	EndGlobalSection
	GlobalSection(ExtensibilityGlobals) = postSolution
		SolutionGuid = {C86CC234-CEF5-4252-92AE-6EDAEB4DBBD1}
	EndGlobalSection
EndGlobal
